// !$*UTF8*$!
{
	archiveVersion = 1;
	classes = {
	};
	objectVersion = 56;
	objects = {

/* Begin PBXBuildFile section */
		C1201FA92B43471B0033B59B /* AppDelegate.swift in Sources */ = {isa = PBXBuildFile; fileRef = C1201FA82B43471B0033B59B /* AppDelegate.swift */; };
		C1201FAB2B43471B0033B59B /* SceneDelegate.swift in Sources */ = {isa = PBXBuildFile; fileRef = C1201FAA2B43471B0033B59B /* SceneDelegate.swift */; };
		C1201FB02B43471B0033B59B /* Main.storyboard in Resources */ = {isa = PBXBuildFile; fileRef = C1201FAE2B43471B0033B59B /* Main.storyboard */; };
		C1201FB22B43471D0033B59B /* Assets.xcassets in Resources */ = {isa = PBXBuildFile; fileRef = C1201FB12B43471D0033B59B /* Assets.xcassets */; };
		C1201FB52B43471D0033B59B /* LaunchScreen.storyboard in Resources */ = {isa = PBXBuildFile; fileRef = C1201FB32B43471D0033B59B /* LaunchScreen.storyboard */; };
		C1201FC02B43471D0033B59B /* WeatherAppTests.swift in Sources */ = {isa = PBXBuildFile; fileRef = C1201FBF2B43471D0033B59B /* WeatherAppTests.swift */; };
		C1201FCA2B43471D0033B59B /* WeatherAppUITests.swift in Sources */ = {isa = PBXBuildFile; fileRef = C1201FC92B43471D0033B59B /* WeatherAppUITests.swift */; };
		C1201FCC2B43471D0033B59B /* WeatherAppUITestsLaunchTests.swift in Sources */ = {isa = PBXBuildFile; fileRef = C1201FCB2B43471D0033B59B /* WeatherAppUITestsLaunchTests.swift */; };
		C1201FDB2B4348200033B59B /* SessionManager.swift in Sources */ = {isa = PBXBuildFile; fileRef = C1201FDA2B4348200033B59B /* SessionManager.swift */; };
		C1201FDC2B4348200033B59B /* SessionManager.swift in Sources */ = {isa = PBXBuildFile; fileRef = C1201FDA2B4348200033B59B /* SessionManager.swift */; };
		C1201FDF2B43493B0033B59B /* NetworkManager.swift in Sources */ = {isa = PBXBuildFile; fileRef = C1201FDE2B43493B0033B59B /* NetworkManager.swift */; };
		C1201FE02B43493B0033B59B /* NetworkManager.swift in Sources */ = {isa = PBXBuildFile; fileRef = C1201FDE2B43493B0033B59B /* NetworkManager.swift */; };
		C1201FE22B4349620033B59B /* ApiNetworkClient.swift in Sources */ = {isa = PBXBuildFile; fileRef = C1201FE12B4349620033B59B /* ApiNetworkClient.swift */; };
		C1201FE32B4349620033B59B /* ApiNetworkClient.swift in Sources */ = {isa = PBXBuildFile; fileRef = C1201FE12B4349620033B59B /* ApiNetworkClient.swift */; };
		C1201FE52B4349710033B59B /* NetworkClientProtocol.swift in Sources */ = {isa = PBXBuildFile; fileRef = C1201FE42B4349710033B59B /* NetworkClientProtocol.swift */; };
		C1201FE62B4349710033B59B /* NetworkClientProtocol.swift in Sources */ = {isa = PBXBuildFile; fileRef = C1201FE42B4349710033B59B /* NetworkClientProtocol.swift */; };
		C1201FE92B4349C10033B59B /* Service.swift in Sources */ = {isa = PBXBuildFile; fileRef = C1201FE82B4349C10033B59B /* Service.swift */; };
		C1201FEA2B4349C10033B59B /* Service.swift in Sources */ = {isa = PBXBuildFile; fileRef = C1201FE82B4349C10033B59B /* Service.swift */; };
		C1201FEC2B4349D20033B59B /* RequestSerializer.swift in Sources */ = {isa = PBXBuildFile; fileRef = C1201FEB2B4349D20033B59B /* RequestSerializer.swift */; };
		C1201FED2B4349D20033B59B /* RequestSerializer.swift in Sources */ = {isa = PBXBuildFile; fileRef = C1201FEB2B4349D20033B59B /* RequestSerializer.swift */; };
		C1201FEF2B4349DF0033B59B /* ResponseParser.swift in Sources */ = {isa = PBXBuildFile; fileRef = C1201FEE2B4349DF0033B59B /* ResponseParser.swift */; };
		C1201FF02B4349DF0033B59B /* ResponseParser.swift in Sources */ = {isa = PBXBuildFile; fileRef = C1201FEE2B4349DF0033B59B /* ResponseParser.swift */; };
		C1201FF32B434A540033B59B /* Constants.swift in Sources */ = {isa = PBXBuildFile; fileRef = C1201FF22B434A540033B59B /* Constants.swift */; };
		C1201FF42B434A540033B59B /* Constants.swift in Sources */ = {isa = PBXBuildFile; fileRef = C1201FF22B434A540033B59B /* Constants.swift */; };
		C1201FF82B434AFC0033B59B /* RequestSerializerJson.swift in Sources */ = {isa = PBXBuildFile; fileRef = C1201FF72B434AFC0033B59B /* RequestSerializerJson.swift */; };
		C1201FF92B434AFC0033B59B /* RequestSerializerJson.swift in Sources */ = {isa = PBXBuildFile; fileRef = C1201FF72B434AFC0033B59B /* RequestSerializerJson.swift */; };
		C1201FFB2B434B180033B59B /* ResponseParserJson.swift in Sources */ = {isa = PBXBuildFile; fileRef = C1201FFA2B434B180033B59B /* ResponseParserJson.swift */; };
		C1201FFC2B434B180033B59B /* ResponseParserJson.swift in Sources */ = {isa = PBXBuildFile; fileRef = C1201FFA2B434B180033B59B /* ResponseParserJson.swift */; };
		C1201FFF2B434B530033B59B /* BaseService.swift in Sources */ = {isa = PBXBuildFile; fileRef = C1201FFE2B434B530033B59B /* BaseService.swift */; };
		C12020002B434B530033B59B /* BaseService.swift in Sources */ = {isa = PBXBuildFile; fileRef = C1201FFE2B434B530033B59B /* BaseService.swift */; };
		C12020042B4351B80033B59B /* DashboardViewController.swift in Sources */ = {isa = PBXBuildFile; fileRef = C12020032B4351B80033B59B /* DashboardViewController.swift */; };
		C12020052B4351B80033B59B /* DashboardViewController.swift in Sources */ = {isa = PBXBuildFile; fileRef = C12020032B4351B80033B59B /* DashboardViewController.swift */; };
		C120200B2B445CEA0033B59B /* DashboardService.swift in Sources */ = {isa = PBXBuildFile; fileRef = C120200A2B445CEA0033B59B /* DashboardService.swift */; };
		C120200C2B445CEA0033B59B /* DashboardService.swift in Sources */ = {isa = PBXBuildFile; fileRef = C120200A2B445CEA0033B59B /* DashboardService.swift */; };
		C185F78E2B451A60006C9554 /* DashboardWorker.swift in Sources */ = {isa = PBXBuildFile; fileRef = C185F78D2B451A60006C9554 /* DashboardWorker.swift */; };
		C185F78F2B451A60006C9554 /* DashboardWorker.swift in Sources */ = {isa = PBXBuildFile; fileRef = C185F78D2B451A60006C9554 /* DashboardWorker.swift */; };
		C185F7912B457E12006C9554 /* DashboardViewModel.swift in Sources */ = {isa = PBXBuildFile; fileRef = C185F7902B457E12006C9554 /* DashboardViewModel.swift */; };
		C185F7922B457E12006C9554 /* DashboardViewModel.swift in Sources */ = {isa = PBXBuildFile; fileRef = C185F7902B457E12006C9554 /* DashboardViewModel.swift */; };
		C185F7942B458BC9006C9554 /* WeatherModel.swift in Sources */ = {isa = PBXBuildFile; fileRef = C185F7932B458BC9006C9554 /* WeatherModel.swift */; };
		C185F7952B458BC9006C9554 /* WeatherModel.swift in Sources */ = {isa = PBXBuildFile; fileRef = C185F7932B458BC9006C9554 /* WeatherModel.swift */; };
		C185F7972B45A165006C9554 /* GenericParser.swift in Sources */ = {isa = PBXBuildFile; fileRef = C185F7962B45A165006C9554 /* GenericParser.swift */; };
		C185F7982B45A165006C9554 /* GenericParser.swift in Sources */ = {isa = PBXBuildFile; fileRef = C185F7962B45A165006C9554 /* GenericParser.swift */; };
		C1E434C12B4AD88A001B9ED9 /* Utility.swift in Sources */ = {isa = PBXBuildFile; fileRef = C1E434C02B4AD88A001B9ED9 /* Utility.swift */; };
		C1E434C52B4AE34E001B9ED9 /* CurrentWeatherTableViewCell.swift in Sources */ = {isa = PBXBuildFile; fileRef = C1E434C42B4AE34E001B9ED9 /* CurrentWeatherTableViewCell.swift */; };
		C1E434C72B4AE4FD001B9ED9 /* HourlyHeaderTableViewCell.swift in Sources */ = {isa = PBXBuildFile; fileRef = C1E434C62B4AE4FD001B9ED9 /* HourlyHeaderTableViewCell.swift */; };
/* End PBXBuildFile section */

/* Begin PBXContainerItemProxy section */
		C1201FBC2B43471D0033B59B /* PBXContainerItemProxy */ = {
			isa = PBXContainerItemProxy;
			containerPortal = C1201F9D2B43471B0033B59B /* Project object */;
			proxyType = 1;
			remoteGlobalIDString = C1201FA42B43471B0033B59B;
			remoteInfo = WeatherApp;
		};
		C1201FC62B43471D0033B59B /* PBXContainerItemProxy */ = {
			isa = PBXContainerItemProxy;
			containerPortal = C1201F9D2B43471B0033B59B /* Project object */;
			proxyType = 1;
			remoteGlobalIDString = C1201FA42B43471B0033B59B;
			remoteInfo = WeatherApp;
		};
/* End PBXContainerItemProxy section */

/* Begin PBXFileReference section */
		C1201FA52B43471B0033B59B /* WeatherApp.app */ = {isa = PBXFileReference; explicitFileType = wrapper.application; includeInIndex = 0; path = WeatherApp.app; sourceTree = BUILT_PRODUCTS_DIR; };
		C1201FA82B43471B0033B59B /* AppDelegate.swift */ = {isa = PBXFileReference; lastKnownFileType = sourcecode.swift; path = AppDelegate.swift; sourceTree = "<group>"; };
		C1201FAA2B43471B0033B59B /* SceneDelegate.swift */ = {isa = PBXFileReference; lastKnownFileType = sourcecode.swift; path = SceneDelegate.swift; sourceTree = "<group>"; };
		C1201FAF2B43471B0033B59B /* Base */ = {isa = PBXFileReference; lastKnownFileType = file.storyboard; name = Base; path = Base.lproj/Main.storyboard; sourceTree = "<group>"; };
		C1201FB12B43471D0033B59B /* Assets.xcassets */ = {isa = PBXFileReference; lastKnownFileType = folder.assetcatalog; path = Assets.xcassets; sourceTree = "<group>"; };
		C1201FB42B43471D0033B59B /* Base */ = {isa = PBXFileReference; lastKnownFileType = file.storyboard; name = Base; path = Base.lproj/LaunchScreen.storyboard; sourceTree = "<group>"; };
		C1201FB62B43471D0033B59B /* Info.plist */ = {isa = PBXFileReference; lastKnownFileType = text.plist.xml; path = Info.plist; sourceTree = "<group>"; };
		C1201FBB2B43471D0033B59B /* WeatherAppTests.xctest */ = {isa = PBXFileReference; explicitFileType = wrapper.cfbundle; includeInIndex = 0; path = WeatherAppTests.xctest; sourceTree = BUILT_PRODUCTS_DIR; };
		C1201FBF2B43471D0033B59B /* WeatherAppTests.swift */ = {isa = PBXFileReference; lastKnownFileType = sourcecode.swift; path = WeatherAppTests.swift; sourceTree = "<group>"; };
		C1201FC52B43471D0033B59B /* WeatherAppUITests.xctest */ = {isa = PBXFileReference; explicitFileType = wrapper.cfbundle; includeInIndex = 0; path = WeatherAppUITests.xctest; sourceTree = BUILT_PRODUCTS_DIR; };
		C1201FC92B43471D0033B59B /* WeatherAppUITests.swift */ = {isa = PBXFileReference; lastKnownFileType = sourcecode.swift; path = WeatherAppUITests.swift; sourceTree = "<group>"; };
		C1201FCB2B43471D0033B59B /* WeatherAppUITestsLaunchTests.swift */ = {isa = PBXFileReference; lastKnownFileType = sourcecode.swift; path = WeatherAppUITestsLaunchTests.swift; sourceTree = "<group>"; };
		C1201FDA2B4348200033B59B /* SessionManager.swift */ = {isa = PBXFileReference; lastKnownFileType = sourcecode.swift; path = SessionManager.swift; sourceTree = "<group>"; };
		C1201FDE2B43493B0033B59B /* NetworkManager.swift */ = {isa = PBXFileReference; lastKnownFileType = sourcecode.swift; path = NetworkManager.swift; sourceTree = "<group>"; };
		C1201FE12B4349620033B59B /* ApiNetworkClient.swift */ = {isa = PBXFileReference; lastKnownFileType = sourcecode.swift; path = ApiNetworkClient.swift; sourceTree = "<group>"; };
		C1201FE42B4349710033B59B /* NetworkClientProtocol.swift */ = {isa = PBXFileReference; lastKnownFileType = sourcecode.swift; path = NetworkClientProtocol.swift; sourceTree = "<group>"; };
		C1201FE82B4349C10033B59B /* Service.swift */ = {isa = PBXFileReference; lastKnownFileType = sourcecode.swift; path = Service.swift; sourceTree = "<group>"; };
		C1201FEB2B4349D20033B59B /* RequestSerializer.swift */ = {isa = PBXFileReference; lastKnownFileType = sourcecode.swift; path = RequestSerializer.swift; sourceTree = "<group>"; };
		C1201FEE2B4349DF0033B59B /* ResponseParser.swift */ = {isa = PBXFileReference; lastKnownFileType = sourcecode.swift; path = ResponseParser.swift; sourceTree = "<group>"; };
		C1201FF22B434A540033B59B /* Constants.swift */ = {isa = PBXFileReference; lastKnownFileType = sourcecode.swift; path = Constants.swift; sourceTree = "<group>"; };
		C1201FF72B434AFC0033B59B /* RequestSerializerJson.swift */ = {isa = PBXFileReference; lastKnownFileType = sourcecode.swift; path = RequestSerializerJson.swift; sourceTree = "<group>"; };
		C1201FFA2B434B180033B59B /* ResponseParserJson.swift */ = {isa = PBXFileReference; lastKnownFileType = sourcecode.swift; path = ResponseParserJson.swift; sourceTree = "<group>"; };
		C1201FFE2B434B530033B59B /* BaseService.swift */ = {isa = PBXFileReference; lastKnownFileType = sourcecode.swift; path = BaseService.swift; sourceTree = "<group>"; };
		C12020032B4351B80033B59B /* DashboardViewController.swift */ = {isa = PBXFileReference; lastKnownFileType = sourcecode.swift; path = DashboardViewController.swift; sourceTree = "<group>"; };
		C120200A2B445CEA0033B59B /* DashboardService.swift */ = {isa = PBXFileReference; lastKnownFileType = sourcecode.swift; path = DashboardService.swift; sourceTree = "<group>"; };
		C185F78D2B451A60006C9554 /* DashboardWorker.swift */ = {isa = PBXFileReference; lastKnownFileType = sourcecode.swift; path = DashboardWorker.swift; sourceTree = "<group>"; };
		C185F7902B457E12006C9554 /* DashboardViewModel.swift */ = {isa = PBXFileReference; lastKnownFileType = sourcecode.swift; path = DashboardViewModel.swift; sourceTree = "<group>"; };
		C185F7932B458BC9006C9554 /* WeatherModel.swift */ = {isa = PBXFileReference; lastKnownFileType = sourcecode.swift; path = WeatherModel.swift; sourceTree = "<group>"; };
		C185F7962B45A165006C9554 /* GenericParser.swift */ = {isa = PBXFileReference; lastKnownFileType = sourcecode.swift; path = GenericParser.swift; sourceTree = "<group>"; };
		C1E434C02B4AD88A001B9ED9 /* Utility.swift */ = {isa = PBXFileReference; lastKnownFileType = sourcecode.swift; path = Utility.swift; sourceTree = "<group>"; };
		C1E434C42B4AE34E001B9ED9 /* CurrentWeatherTableViewCell.swift */ = {isa = PBXFileReference; lastKnownFileType = sourcecode.swift; path = CurrentWeatherTableViewCell.swift; sourceTree = "<group>"; };
		C1E434C62B4AE4FD001B9ED9 /* HourlyHeaderTableViewCell.swift */ = {isa = PBXFileReference; lastKnownFileType = sourcecode.swift; path = HourlyHeaderTableViewCell.swift; sourceTree = "<group>"; };
/* End PBXFileReference section */

/* Begin PBXFrameworksBuildPhase section */
		C1201FA22B43471B0033B59B /* Frameworks */ = {
			isa = PBXFrameworksBuildPhase;
			buildActionMask = 2147483647;
			files = (
			);
			runOnlyForDeploymentPostprocessing = 0;
		};
		C1201FB82B43471D0033B59B /* Frameworks */ = {
			isa = PBXFrameworksBuildPhase;
			buildActionMask = 2147483647;
			files = (
			);
			runOnlyForDeploymentPostprocessing = 0;
		};
		C1201FC22B43471D0033B59B /* Frameworks */ = {
			isa = PBXFrameworksBuildPhase;
			buildActionMask = 2147483647;
			files = (
			);
			runOnlyForDeploymentPostprocessing = 0;
		};
/* End PBXFrameworksBuildPhase section */

/* Begin PBXGroup section */
		C1201F9C2B43471B0033B59B = {
			isa = PBXGroup;
			children = (
				C1201FA72B43471B0033B59B /* WeatherApp */,
				C1201FBE2B43471D0033B59B /* WeatherAppTests */,
				C1201FC82B43471D0033B59B /* WeatherAppUITests */,
				C1201FA62B43471B0033B59B /* Products */,
			);
			sourceTree = "<group>";
		};
		C1201FA62B43471B0033B59B /* Products */ = {
			isa = PBXGroup;
			children = (
				C1201FA52B43471B0033B59B /* WeatherApp.app */,
				C1201FBB2B43471D0033B59B /* WeatherAppTests.xctest */,
				C1201FC52B43471D0033B59B /* WeatherAppUITests.xctest */,
			);
			name = Products;
			sourceTree = "<group>";
		};
		C1201FA72B43471B0033B59B /* WeatherApp */ = {
			isa = PBXGroup;
			children = (
				C1201FD82B4347820033B59B /* Delegates */,
				C1E434C22B4AE25B001B9ED9 /* Modules */,
				C1201FF12B434A430033B59B /* Constants */,
				C1E434BF2B4AD874001B9ED9 /* Utility */,
				C1201FD92B4347AC0033B59B /* SessionManager */,
				C1201FAE2B43471B0033B59B /* Main.storyboard */,
				C1201FB12B43471D0033B59B /* Assets.xcassets */,
				C1201FB32B43471D0033B59B /* LaunchScreen.storyboard */,
				C1201FB62B43471D0033B59B /* Info.plist */,
			);
			path = WeatherApp;
			sourceTree = "<group>";
		};
		C1201FBE2B43471D0033B59B /* WeatherAppTests */ = {
			isa = PBXGroup;
			children = (
				C1201FBF2B43471D0033B59B /* WeatherAppTests.swift */,
			);
			path = WeatherAppTests;
			sourceTree = "<group>";
		};
		C1201FC82B43471D0033B59B /* WeatherAppUITests */ = {
			isa = PBXGroup;
			children = (
				C1201FC92B43471D0033B59B /* WeatherAppUITests.swift */,
				C1201FCB2B43471D0033B59B /* WeatherAppUITestsLaunchTests.swift */,
			);
			path = WeatherAppUITests;
			sourceTree = "<group>";
		};
		C1201FD82B4347820033B59B /* Delegates */ = {
			isa = PBXGroup;
			children = (
				C1201FA82B43471B0033B59B /* AppDelegate.swift */,
				C1201FAA2B43471B0033B59B /* SceneDelegate.swift */,
			);
			path = Delegates;
			sourceTree = "<group>";
		};
		C1201FD92B4347AC0033B59B /* SessionManager */ = {
			isa = PBXGroup;
			children = (
				C1201FDD2B4349170033B59B /* Network */,
				C1201FFD2B434B380033B59B /* Service */,
				C1201FF62B434AB30033B59B /* Parser */,
				C1201FF52B434A950033B59B /* Serializer */,
				C1201FE72B4349A70033B59B /* Protocols */,
				C1201FDA2B4348200033B59B /* SessionManager.swift */,
			);
			path = SessionManager;
			sourceTree = "<group>";
		};
		C1201FDD2B4349170033B59B /* Network */ = {
			isa = PBXGroup;
			children = (
				C1201FDE2B43493B0033B59B /* NetworkManager.swift */,
				C1201FE12B4349620033B59B /* ApiNetworkClient.swift */,
				C1201FE42B4349710033B59B /* NetworkClientProtocol.swift */,
			);
			path = Network;
			sourceTree = "<group>";
		};
		C1201FE72B4349A70033B59B /* Protocols */ = {
			isa = PBXGroup;
			children = (
				C1201FE82B4349C10033B59B /* Service.swift */,
				C1201FEB2B4349D20033B59B /* RequestSerializer.swift */,
				C1201FEE2B4349DF0033B59B /* ResponseParser.swift */,
			);
			path = Protocols;
			sourceTree = "<group>";
		};
		C1201FF12B434A430033B59B /* Constants */ = {
			isa = PBXGroup;
			children = (
				C1201FF22B434A540033B59B /* Constants.swift */,
			);
			path = Constants;
			sourceTree = "<group>";
		};
		C1201FF52B434A950033B59B /* Serializer */ = {
			isa = PBXGroup;
			children = (
				C1201FF72B434AFC0033B59B /* RequestSerializerJson.swift */,
			);
			path = Serializer;
			sourceTree = "<group>";
		};
		C1201FF62B434AB30033B59B /* Parser */ = {
			isa = PBXGroup;
			children = (
				C1201FFA2B434B180033B59B /* ResponseParserJson.swift */,
				C185F7962B45A165006C9554 /* GenericParser.swift */,
			);
			path = Parser;
			sourceTree = "<group>";
		};
		C1201FFD2B434B380033B59B /* Service */ = {
			isa = PBXGroup;
			children = (
				C1201FFE2B434B530033B59B /* BaseService.swift */,
			);
			path = Service;
			sourceTree = "<group>";
		};
		C12020012B4351240033B59B /* Dashboard */ = {
			isa = PBXGroup;
			children = (
				C12020092B445CB30033B59B /* Service */,
				C12020082B445C910033B59B /* Model */,
				C12020072B445C550033B59B /* Worker */,
				C12020062B445C3D0033B59B /* ViewModel */,
				C12020022B43516C0033B59B /* View */,
			);
			path = Dashboard;
			sourceTree = "<group>";
		};
		C12020022B43516C0033B59B /* View */ = {
			isa = PBXGroup;
			children = (
				C1E434C32B4AE2DF001B9ED9 /* Cells */,
				C12020032B4351B80033B59B /* DashboardViewController.swift */,
			);
			path = View;
			sourceTree = "<group>";
		};
		C12020062B445C3D0033B59B /* ViewModel */ = {
			isa = PBXGroup;
			children = (
				C185F7902B457E12006C9554 /* DashboardViewModel.swift */,
			);
			path = ViewModel;
			sourceTree = "<group>";
		};
		C12020072B445C550033B59B /* Worker */ = {
			isa = PBXGroup;
			children = (
				C185F78D2B451A60006C9554 /* DashboardWorker.swift */,
			);
			path = Worker;
			sourceTree = "<group>";
		};
		C12020082B445C910033B59B /* Model */ = {
			isa = PBXGroup;
			children = (
				C185F7932B458BC9006C9554 /* WeatherModel.swift */,
			);
			path = Model;
			sourceTree = "<group>";
		};
		C12020092B445CB30033B59B /* Service */ = {
			isa = PBXGroup;
			children = (
				C120200A2B445CEA0033B59B /* DashboardService.swift */,
			);
			path = Service;
			sourceTree = "<group>";
		};
		C1E434BF2B4AD874001B9ED9 /* Utility */ = {
			isa = PBXGroup;
			children = (
				C1E434C02B4AD88A001B9ED9 /* Utility.swift */,
			);
			path = Utility;
			sourceTree = "<group>";
		};
		C1E434C22B4AE25B001B9ED9 /* Modules */ = {
			isa = PBXGroup;
			children = (
				C12020012B4351240033B59B /* Dashboard */,
			);
			path = Modules;
			sourceTree = "<group>";
		};
		C1E434C32B4AE2DF001B9ED9 /* Cells */ = {
			isa = PBXGroup;
			children = (
				C1E434C42B4AE34E001B9ED9 /* CurrentWeatherTableViewCell.swift */,
				C1E434C62B4AE4FD001B9ED9 /* HourlyHeaderTableViewCell.swift */,
			);
			path = Cells;
			sourceTree = "<group>";
		};
/* End PBXGroup section */

/* Begin PBXNativeTarget section */
		C1201FA42B43471B0033B59B /* WeatherApp */ = {
			isa = PBXNativeTarget;
			buildConfigurationList = C1201FCF2B43471D0033B59B /* Build configuration list for PBXNativeTarget "WeatherApp" */;
			buildPhases = (
				C1201FA12B43471B0033B59B /* Sources */,
				C1201FA22B43471B0033B59B /* Frameworks */,
				C1201FA32B43471B0033B59B /* Resources */,
			);
			buildRules = (
			);
			dependencies = (
			);
			name = WeatherApp;
			productName = WeatherApp;
			productReference = C1201FA52B43471B0033B59B /* WeatherApp.app */;
			productType = "com.apple.product-type.application";
		};
		C1201FBA2B43471D0033B59B /* WeatherAppTests */ = {
			isa = PBXNativeTarget;
			buildConfigurationList = C1201FD22B43471D0033B59B /* Build configuration list for PBXNativeTarget "WeatherAppTests" */;
			buildPhases = (
				C1201FB72B43471D0033B59B /* Sources */,
				C1201FB82B43471D0033B59B /* Frameworks */,
				C1201FB92B43471D0033B59B /* Resources */,
			);
			buildRules = (
			);
			dependencies = (
				C1201FBD2B43471D0033B59B /* PBXTargetDependency */,
			);
			name = WeatherAppTests;
			productName = WeatherAppTests;
			productReference = C1201FBB2B43471D0033B59B /* WeatherAppTests.xctest */;
			productType = "com.apple.product-type.bundle.unit-test";
		};
		C1201FC42B43471D0033B59B /* WeatherAppUITests */ = {
			isa = PBXNativeTarget;
			buildConfigurationList = C1201FD52B43471D0033B59B /* Build configuration list for PBXNativeTarget "WeatherAppUITests" */;
			buildPhases = (
				C1201FC12B43471D0033B59B /* Sources */,
				C1201FC22B43471D0033B59B /* Frameworks */,
				C1201FC32B43471D0033B59B /* Resources */,
			);
			buildRules = (
			);
			dependencies = (
				C1201FC72B43471D0033B59B /* PBXTargetDependency */,
			);
			name = WeatherAppUITests;
			productName = WeatherAppUITests;
			productReference = C1201FC52B43471D0033B59B /* WeatherAppUITests.xctest */;
			productType = "com.apple.product-type.bundle.ui-testing";
		};
/* End PBXNativeTarget section */

/* Begin PBXProject section */
		C1201F9D2B43471B0033B59B /* Project object */ = {
			isa = PBXProject;
			attributes = {
				BuildIndependentTargetsInParallel = 1;
				LastSwiftUpdateCheck = 1430;
				LastUpgradeCheck = 1430;
				TargetAttributes = {
					C1201FA42B43471B0033B59B = {
						CreatedOnToolsVersion = 14.3.1;
					};
					C1201FBA2B43471D0033B59B = {
						CreatedOnToolsVersion = 14.3.1;
						TestTargetID = C1201FA42B43471B0033B59B;
					};
					C1201FC42B43471D0033B59B = {
						CreatedOnToolsVersion = 14.3.1;
						TestTargetID = C1201FA42B43471B0033B59B;
					};
				};
			};
			buildConfigurationList = C1201FA02B43471B0033B59B /* Build configuration list for PBXProject "WeatherApp" */;
			compatibilityVersion = "Xcode 14.0";
			developmentRegion = en;
			hasScannedForEncodings = 0;
			knownRegions = (
				en,
				Base,
			);
			mainGroup = C1201F9C2B43471B0033B59B;
			productRefGroup = C1201FA62B43471B0033B59B /* Products */;
			projectDirPath = "";
			projectRoot = "";
			targets = (
				C1201FA42B43471B0033B59B /* WeatherApp */,
				C1201FBA2B43471D0033B59B /* WeatherAppTests */,
				C1201FC42B43471D0033B59B /* WeatherAppUITests */,
			);
		};
/* End PBXProject section */

/* Begin PBXResourcesBuildPhase section */
		C1201FA32B43471B0033B59B /* Resources */ = {
			isa = PBXResourcesBuildPhase;
			buildActionMask = 2147483647;
			files = (
				C1201FB52B43471D0033B59B /* LaunchScreen.storyboard in Resources */,
				C1201FB22B43471D0033B59B /* Assets.xcassets in Resources */,
				C1201FB02B43471B0033B59B /* Main.storyboard in Resources */,
			);
			runOnlyForDeploymentPostprocessing = 0;
		};
		C1201FB92B43471D0033B59B /* Resources */ = {
			isa = PBXResourcesBuildPhase;
			buildActionMask = 2147483647;
			files = (
			);
			runOnlyForDeploymentPostprocessing = 0;
		};
		C1201FC32B43471D0033B59B /* Resources */ = {
			isa = PBXResourcesBuildPhase;
			buildActionMask = 2147483647;
			files = (
			);
			runOnlyForDeploymentPostprocessing = 0;
		};
/* End PBXResourcesBuildPhase section */

/* Begin PBXSourcesBuildPhase section */
		C1201FA12B43471B0033B59B /* Sources */ = {
			isa = PBXSourcesBuildPhase;
			buildActionMask = 2147483647;
			files = (
				C1E434C12B4AD88A001B9ED9 /* Utility.swift in Sources */,
				C1201FE22B4349620033B59B /* ApiNetworkClient.swift in Sources */,
				C12020042B4351B80033B59B /* DashboardViewController.swift in Sources */,
				C185F78E2B451A60006C9554 /* DashboardWorker.swift in Sources */,
				C1201FF32B434A540033B59B /* Constants.swift in Sources */,
				C185F7942B458BC9006C9554 /* WeatherModel.swift in Sources */,
				C1201FE92B4349C10033B59B /* Service.swift in Sources */,
				C1201FFF2B434B530033B59B /* BaseService.swift in Sources */,
				C1201FEC2B4349D20033B59B /* RequestSerializer.swift in Sources */,
				C1201FE52B4349710033B59B /* NetworkClientProtocol.swift in Sources */,
				C185F7972B45A165006C9554 /* GenericParser.swift in Sources */,
				C1E434C72B4AE4FD001B9ED9 /* HourlyHeaderTableViewCell.swift in Sources */,
				C185F7912B457E12006C9554 /* DashboardViewModel.swift in Sources */,
				C1E434C52B4AE34E001B9ED9 /* CurrentWeatherTableViewCell.swift in Sources */,
				C1201FEF2B4349DF0033B59B /* ResponseParser.swift in Sources */,
				C1201FA92B43471B0033B59B /* AppDelegate.swift in Sources */,
				C1201FDF2B43493B0033B59B /* NetworkManager.swift in Sources */,
				C1201FDB2B4348200033B59B /* SessionManager.swift in Sources */,
				C120200B2B445CEA0033B59B /* DashboardService.swift in Sources */,
				C1201FFB2B434B180033B59B /* ResponseParserJson.swift in Sources */,
				C1201FAB2B43471B0033B59B /* SceneDelegate.swift in Sources */,
				C1201FF82B434AFC0033B59B /* RequestSerializerJson.swift in Sources */,
			);
			runOnlyForDeploymentPostprocessing = 0;
		};
		C1201FB72B43471D0033B59B /* Sources */ = {
			isa = PBXSourcesBuildPhase;
			buildActionMask = 2147483647;
			files = (
				C1201FE32B4349620033B59B /* ApiNetworkClient.swift in Sources */,
				C1201FE02B43493B0033B59B /* NetworkManager.swift in Sources */,
				C185F78F2B451A60006C9554 /* DashboardWorker.swift in Sources */,
				C1201FDC2B4348200033B59B /* SessionManager.swift in Sources */,
				C1201FF02B4349DF0033B59B /* ResponseParser.swift in Sources */,
				C1201FC02B43471D0033B59B /* WeatherAppTests.swift in Sources */,
				C1201FE62B4349710033B59B /* NetworkClientProtocol.swift in Sources */,
				C185F7922B457E12006C9554 /* DashboardViewModel.swift in Sources */,
				C185F7982B45A165006C9554 /* GenericParser.swift in Sources */,
				C1201FED2B4349D20033B59B /* RequestSerializer.swift in Sources */,
				C12020052B4351B80033B59B /* DashboardViewController.swift in Sources */,
				C1201FEA2B4349C10033B59B /* Service.swift in Sources */,
				C12020002B434B530033B59B /* BaseService.swift in Sources */,
				C120200C2B445CEA0033B59B /* DashboardService.swift in Sources */,
				C1201FF42B434A540033B59B /* Constants.swift in Sources */,
				C185F7952B458BC9006C9554 /* WeatherModel.swift in Sources */,
				C1201FF92B434AFC0033B59B /* RequestSerializerJson.swift in Sources */,
				C1201FFC2B434B180033B59B /* ResponseParserJson.swift in Sources */,
			);
			runOnlyForDeploymentPostprocessing = 0;
		};
		C1201FC12B43471D0033B59B /* Sources */ = {
			isa = PBXSourcesBuildPhase;
			buildActionMask = 2147483647;
			files = (
				C1201FCA2B43471D0033B59B /* WeatherAppUITests.swift in Sources */,
				C1201FCC2B43471D0033B59B /* WeatherAppUITestsLaunchTests.swift in Sources */,
			);
			runOnlyForDeploymentPostprocessing = 0;
		};
/* End PBXSourcesBuildPhase section */

/* Begin PBXTargetDependency section */
		C1201FBD2B43471D0033B59B /* PBXTargetDependency */ = {
			isa = PBXTargetDependency;
			target = C1201FA42B43471B0033B59B /* WeatherApp */;
			targetProxy = C1201FBC2B43471D0033B59B /* PBXContainerItemProxy */;
		};
		C1201FC72B43471D0033B59B /* PBXTargetDependency */ = {
			isa = PBXTargetDependency;
			target = C1201FA42B43471B0033B59B /* WeatherApp */;
			targetProxy = C1201FC62B43471D0033B59B /* PBXContainerItemProxy */;
		};
/* End PBXTargetDependency section */

/* Begin PBXVariantGroup section */
		C1201FAE2B43471B0033B59B /* Main.storyboard */ = {
			isa = PBXVariantGroup;
			children = (
				C1201FAF2B43471B0033B59B /* Base */,
			);
			name = Main.storyboard;
			sourceTree = "<group>";
		};
		C1201FB32B43471D0033B59B /* LaunchScreen.storyboard */ = {
			isa = PBXVariantGroup;
			children = (
				C1201FB42B43471D0033B59B /* Base */,
			);
			name = LaunchScreen.storyboard;
			sourceTree = "<group>";
		};
/* End PBXVariantGroup section */

/* Begin XCBuildConfiguration section */
		C1201FCD2B43471D0033B59B /* Debug */ = {
			isa = XCBuildConfiguration;
			buildSettings = {
				ALWAYS_SEARCH_USER_PATHS = NO;
				CLANG_ANALYZER_NONNULL = YES;
				CLANG_ANALYZER_NUMBER_OBJECT_CONVERSION = YES_AGGRESSIVE;
				CLANG_CXX_LANGUAGE_STANDARD = "gnu++20";
				CLANG_ENABLE_MODULES = YES;
				CLANG_ENABLE_OBJC_ARC = YES;
				CLANG_ENABLE_OBJC_WEAK = YES;
				CLANG_WARN_BLOCK_CAPTURE_AUTORELEASING = YES;
				CLANG_WARN_BOOL_CONVERSION = YES;
				CLANG_WARN_COMMA = YES;
				CLANG_WARN_CONSTANT_CONVERSION = YES;
				CLANG_WARN_DEPRECATED_OBJC_IMPLEMENTATIONS = YES;
				CLANG_WARN_DIRECT_OBJC_ISA_USAGE = YES_ERROR;
				CLANG_WARN_DOCUMENTATION_COMMENTS = YES;
				CLANG_WARN_EMPTY_BODY = YES;
				CLANG_WARN_ENUM_CONVERSION = YES;
				CLANG_WARN_INFINITE_RECURSION = YES;
				CLANG_WARN_INT_CONVERSION = YES;
				CLANG_WARN_NON_LITERAL_NULL_CONVERSION = YES;
				CLANG_WARN_OBJC_IMPLICIT_RETAIN_SELF = YES;
				CLANG_WARN_OBJC_LITERAL_CONVERSION = YES;
				CLANG_WARN_OBJC_ROOT_CLASS = YES_ERROR;
				CLANG_WARN_QUOTED_INCLUDE_IN_FRAMEWORK_HEADER = YES;
				CLANG_WARN_RANGE_LOOP_ANALYSIS = YES;
				CLANG_WARN_STRICT_PROTOTYPES = YES;
				CLANG_WARN_SUSPICIOUS_MOVE = YES;
				CLANG_WARN_UNGUARDED_AVAILABILITY = YES_AGGRESSIVE;
				CLANG_WARN_UNREACHABLE_CODE = YES;
				CLANG_WARN__DUPLICATE_METHOD_MATCH = YES;
				COPY_PHASE_STRIP = NO;
				DEBUG_INFORMATION_FORMAT = dwarf;
				ENABLE_STRICT_OBJC_MSGSEND = YES;
				ENABLE_TESTABILITY = YES;
				GCC_C_LANGUAGE_STANDARD = gnu11;
				GCC_DYNAMIC_NO_PIC = NO;
				GCC_NO_COMMON_BLOCKS = YES;
				GCC_OPTIMIZATION_LEVEL = 0;
				GCC_PREPROCESSOR_DEFINITIONS = (
					"DEBUG=1",
					"$(inherited)",
				);
				GCC_WARN_64_TO_32_BIT_CONVERSION = YES;
				GCC_WARN_ABOUT_RETURN_TYPE = YES_ERROR;
				GCC_WARN_UNDECLARED_SELECTOR = YES;
				GCC_WARN_UNINITIALIZED_AUTOS = YES_AGGRESSIVE;
				GCC_WARN_UNUSED_FUNCTION = YES;
				GCC_WARN_UNUSED_VARIABLE = YES;
				IPHONEOS_DEPLOYMENT_TARGET = 16.4;
				MTL_ENABLE_DEBUG_INFO = INCLUDE_SOURCE;
				MTL_FAST_MATH = YES;
				ONLY_ACTIVE_ARCH = YES;
				SDKROOT = iphoneos;
				SWIFT_ACTIVE_COMPILATION_CONDITIONS = DEBUG;
				SWIFT_OPTIMIZATION_LEVEL = "-Onone";
			};
			name = Debug;
		};
		C1201FCE2B43471D0033B59B /* Release */ = {
			isa = XCBuildConfiguration;
			buildSettings = {
				ALWAYS_SEARCH_USER_PATHS = NO;
				CLANG_ANALYZER_NONNULL = YES;
				CLANG_ANALYZER_NUMBER_OBJECT_CONVERSION = YES_AGGRESSIVE;
				CLANG_CXX_LANGUAGE_STANDARD = "gnu++20";
				CLANG_ENABLE_MODULES = YES;
				CLANG_ENABLE_OBJC_ARC = YES;
				CLANG_ENABLE_OBJC_WEAK = YES;
				CLANG_WARN_BLOCK_CAPTURE_AUTORELEASING = YES;
				CLANG_WARN_BOOL_CONVERSION = YES;
				CLANG_WARN_COMMA = YES;
				CLANG_WARN_CONSTANT_CONVERSION = YES;
				CLANG_WARN_DEPRECATED_OBJC_IMPLEMENTATIONS = YES;
				CLANG_WARN_DIRECT_OBJC_ISA_USAGE = YES_ERROR;
				CLANG_WARN_DOCUMENTATION_COMMENTS = YES;
				CLANG_WARN_EMPTY_BODY = YES;
				CLANG_WARN_ENUM_CONVERSION = YES;
				CLANG_WARN_INFINITE_RECURSION = YES;
				CLANG_WARN_INT_CONVERSION = YES;
				CLANG_WARN_NON_LITERAL_NULL_CONVERSION = YES;
				CLANG_WARN_OBJC_IMPLICIT_RETAIN_SELF = YES;
				CLANG_WARN_OBJC_LITERAL_CONVERSION = YES;
				CLANG_WARN_OBJC_ROOT_CLASS = YES_ERROR;
				CLANG_WARN_QUOTED_INCLUDE_IN_FRAMEWORK_HEADER = YES;
				CLANG_WARN_RANGE_LOOP_ANALYSIS = YES;
				CLANG_WARN_STRICT_PROTOTYPES = YES;
				CLANG_WARN_SUSPICIOUS_MOVE = YES;
				CLANG_WARN_UNGUARDED_AVAILABILITY = YES_AGGRESSIVE;
				CLANG_WARN_UNREACHABLE_CODE = YES;
				CLANG_WARN__DUPLICATE_METHOD_MATCH = YES;
				COPY_PHASE_STRIP = NO;
				DEBUG_INFORMATION_FORMAT = "dwarf-with-dsym";
				ENABLE_NS_ASSERTIONS = NO;
				ENABLE_STRICT_OBJC_MSGSEND = YES;
				GCC_C_LANGUAGE_STANDARD = gnu11;
				GCC_NO_COMMON_BLOCKS = YES;
				GCC_WARN_64_TO_32_BIT_CONVERSION = YES;
				GCC_WARN_ABOUT_RETURN_TYPE = YES_ERROR;
				GCC_WARN_UNDECLARED_SELECTOR = YES;
				GCC_WARN_UNINITIALIZED_AUTOS = YES_AGGRESSIVE;
				GCC_WARN_UNUSED_FUNCTION = YES;
				GCC_WARN_UNUSED_VARIABLE = YES;
				IPHONEOS_DEPLOYMENT_TARGET = 16.4;
				MTL_ENABLE_DEBUG_INFO = NO;
				MTL_FAST_MATH = YES;
				SDKROOT = iphoneos;
				SWIFT_COMPILATION_MODE = wholemodule;
				SWIFT_OPTIMIZATION_LEVEL = "-O";
				VALIDATE_PRODUCT = YES;
			};
			name = Release;
		};
		C1201FD02B43471D0033B59B /* Debug */ = {
			isa = XCBuildConfiguration;
			buildSettings = {
				ASSETCATALOG_COMPILER_APPICON_NAME = AppIcon;
				ASSETCATALOG_COMPILER_GLOBAL_ACCENT_COLOR_NAME = AccentColor;
				CODE_SIGN_STYLE = Automatic;
				CURRENT_PROJECT_VERSION = 1;
				DEVELOPMENT_TEAM = 6G436X653T;
				GENERATE_INFOPLIST_FILE = YES;
				INFOPLIST_FILE = WeatherApp/Info.plist;
				INFOPLIST_KEY_UIApplicationSupportsIndirectInputEvents = YES;
				INFOPLIST_KEY_UILaunchStoryboardName = LaunchScreen;
				INFOPLIST_KEY_UIMainStoryboardFile = Main;
				INFOPLIST_KEY_UISupportedInterfaceOrientations_iPad = "UIInterfaceOrientationPortrait UIInterfaceOrientationPortraitUpsideDown UIInterfaceOrientationLandscapeLeft UIInterfaceOrientationLandscapeRight";
				INFOPLIST_KEY_UISupportedInterfaceOrientations_iPhone = "UIInterfaceOrientationPortrait UIInterfaceOrientationLandscapeLeft UIInterfaceOrientationLandscapeRight";
				LD_RUNPATH_SEARCH_PATHS = (
					"$(inherited)",
					"@executable_path/Frameworks",
				);
				MARKETING_VERSION = 1.0;
				PRODUCT_BUNDLE_IDENTIFIER = PublicisSapient.WeatherApp;
				PRODUCT_NAME = "$(TARGET_NAME)";
				SWIFT_EMIT_LOC_STRINGS = YES;
				SWIFT_VERSION = 5.0;
				TARGETED_DEVICE_FAMILY = "1,2";
			};
			name = Debug;
		};
		C1201FD12B43471D0033B59B /* Release */ = {
			isa = XCBuildConfiguration;
			buildSettings = {
				ASSETCATALOG_COMPILER_APPICON_NAME = AppIcon;
				ASSETCATALOG_COMPILER_GLOBAL_ACCENT_COLOR_NAME = AccentColor;
				CODE_SIGN_STYLE = Automatic;
				CURRENT_PROJECT_VERSION = 1;
				DEVELOPMENT_TEAM = 6G436X653T;
				GENERATE_INFOPLIST_FILE = YES;
				INFOPLIST_FILE = WeatherApp/Info.plist;
				INFOPLIST_KEY_UIApplicationSupportsIndirectInputEvents = YES;
				INFOPLIST_KEY_UILaunchStoryboardName = LaunchScreen;
				INFOPLIST_KEY_UIMainStoryboardFile = Main;
				INFOPLIST_KEY_UISupportedInterfaceOrientations_iPad = "UIInterfaceOrientationPortrait UIInterfaceOrientationPortraitUpsideDown UIInterfaceOrientationLandscapeLeft UIInterfaceOrientationLandscapeRight";
				INFOPLIST_KEY_UISupportedInterfaceOrientations_iPhone = "UIInterfaceOrientationPortrait UIInterfaceOrientationLandscapeLeft UIInterfaceOrientationLandscapeRight";
				LD_RUNPATH_SEARCH_PATHS = (
					"$(inherited)",
					"@executable_path/Frameworks",
				);
				MARKETING_VERSION = 1.0;
				PRODUCT_BUNDLE_IDENTIFIER = PublicisSapient.WeatherApp;
				PRODUCT_NAME = "$(TARGET_NAME)";
				SWIFT_EMIT_LOC_STRINGS = YES;
				SWIFT_VERSION = 5.0;
				TARGETED_DEVICE_FAMILY = "1,2";
			};
			name = Release;
		};
		C1201FD32B43471D0033B59B /* Debug */ = {
			isa = XCBuildConfiguration;
			buildSettings = {
				ALWAYS_EMBED_SWIFT_STANDARD_LIBRARIES = YES;
				BUNDLE_LOADER = "$(TEST_HOST)";
				CODE_SIGN_STYLE = Automatic;
				CURRENT_PROJECT_VERSION = 1;
				DEVELOPMENT_TEAM = 6G436X653T;
				GENERATE_INFOPLIST_FILE = YES;
				IPHONEOS_DEPLOYMENT_TARGET = 16.4;
				MARKETING_VERSION = 1.0;
				PRODUCT_BUNDLE_IDENTIFIER = PublicisSapient.WeatherAppTests;
				PRODUCT_NAME = "$(TARGET_NAME)";
				SWIFT_EMIT_LOC_STRINGS = NO;
				SWIFT_VERSION = 5.0;
				TARGETED_DEVICE_FAMILY = "1,2";
				TEST_HOST = "$(BUILT_PRODUCTS_DIR)/WeatherApp.app/$(BUNDLE_EXECUTABLE_FOLDER_PATH)/WeatherApp";
			};
			name = Debug;
		};
		C1201FD42B43471D0033B59B /* Release */ = {
			isa = XCBuildConfiguration;
			buildSettings = {
				ALWAYS_EMBED_SWIFT_STANDARD_LIBRARIES = YES;
				BUNDLE_LOADER = "$(TEST_HOST)";
				CODE_SIGN_STYLE = Automatic;
				CURRENT_PROJECT_VERSION = 1;
				DEVELOPMENT_TEAM = 6G436X653T;
				GENERATE_INFOPLIST_FILE = YES;
				IPHONEOS_DEPLOYMENT_TARGET = 16.4;
				MARKETING_VERSION = 1.0;
				PRODUCT_BUNDLE_IDENTIFIER = PublicisSapient.WeatherAppTests;
				PRODUCT_NAME = "$(TARGET_NAME)";
				SWIFT_EMIT_LOC_STRINGS = NO;
				SWIFT_VERSION = 5.0;
				TARGETED_DEVICE_FAMILY = "1,2";
				TEST_HOST = "$(BUILT_PRODUCTS_DIR)/WeatherApp.app/$(BUNDLE_EXECUTABLE_FOLDER_PATH)/WeatherApp";
			};
			name = Release;
		};
		C1201FD62B43471D0033B59B /* Debug */ = {
			isa = XCBuildConfiguration;
			buildSettings = {
				ALWAYS_EMBED_SWIFT_STANDARD_LIBRARIES = YES;
				CODE_SIGN_STYLE = Automatic;
				CURRENT_PROJECT_VERSION = 1;
				DEVELOPMENT_TEAM = 6G436X653T;
				GENERATE_INFOPLIST_FILE = YES;
				MARKETING_VERSION = 1.0;
				PRODUCT_BUNDLE_IDENTIFIER = PublicisSapient.WeatherAppUITests;
				PRODUCT_NAME = "$(TARGET_NAME)";
				SWIFT_EMIT_LOC_STRINGS = NO;
				SWIFT_VERSION = 5.0;
				TARGETED_DEVICE_FAMILY = "1,2";
				TEST_TARGET_NAME = WeatherApp;
			};
			name = Debug;
		};
		C1201FD72B43471D0033B59B /* Release */ = {
			isa = XCBuildConfiguration;
			buildSettings = {
				ALWAYS_EMBED_SWIFT_STANDARD_LIBRARIES = YES;
				CODE_SIGN_STYLE = Automatic;
				CURRENT_PROJECT_VERSION = 1;
				DEVELOPMENT_TEAM = 6G436X653T;
				GENERATE_INFOPLIST_FILE = YES;
				MARKETING_VERSION = 1.0;
				PRODUCT_BUNDLE_IDENTIFIER = PublicisSapient.WeatherAppUITests;
				PRODUCT_NAME = "$(TARGET_NAME)";
				SWIFT_EMIT_LOC_STRINGS = NO;
				SWIFT_VERSION = 5.0;
				TARGETED_DEVICE_FAMILY = "1,2";
				TEST_TARGET_NAME = WeatherApp;
			};
			name = Release;
		};
/* End XCBuildConfiguration section */

/* Begin XCConfigurationList section */
		C1201FA02B43471B0033B59B /* Build configuration list for PBXProject "WeatherApp" */ = {
			isa = XCConfigurationList;
			buildConfigurations = (
				C1201FCD2B43471D0033B59B /* Debug */,
				C1201FCE2B43471D0033B59B /* Release */,
			);
			defaultConfigurationIsVisible = 0;
			defaultConfigurationName = Release;
		};
		C1201FCF2B43471D0033B59B /* Build configuration list for PBXNativeTarget "WeatherApp" */ = {
			isa = XCConfigurationList;
			buildConfigurations = (
				C1201FD02B43471D0033B59B /* Debug */,
				C1201FD12B43471D0033B59B /* Release */,
			);
			defaultConfigurationIsVisible = 0;
			defaultConfigurationName = Release;
		};
		C1201FD22B43471D0033B59B /* Build configuration list for PBXNativeTarget "WeatherAppTests" */ = {
			isa = XCConfigurationList;
			buildConfigurations = (
				C1201FD32B43471D0033B59B /* Debug */,
				C1201FD42B43471D0033B59B /* Release */,
			);
			defaultConfigurationIsVisible = 0;
			defaultConfigurationName = Release;
		};
		C1201FD52B43471D0033B59B /* Build configuration list for PBXNativeTarget "WeatherAppUITests" */ = {
			isa = XCConfigurationList;
			buildConfigurations = (
				C1201FD62B43471D0033B59B /* Debug */,
				C1201FD72B43471D0033B59B /* Release */,
			);
			defaultConfigurationIsVisible = 0;
			defaultConfigurationName = Release;
		};
/* End XCConfigurationList section */
	};
	rootObject = C1201F9D2B43471B0033B59B /* Project object */;
}
